id: Fengyun2_deframer
label: Simple Deframer
category: '[Fengyun2]'

templates:
  imports: from gnuradio import Fengyun2
  make: Fengyun2.deframer(${syncword}, ${syncword_bit_length}, ${frame_length_bits}, ${thresold})

#  Make one 'parameters' list entry for every parameter you want settable from the GUI.
#     Keys include:
#     * id (makes the value accessible as keyname, e.g. in the make entry)
#     * label (label shown in the GUI)
#     * dtype (e.g. int, float, complex, byte, short, xxx_vector, ...)
#     * default
parameters:
- id: syncword
  label: Syncword (HEX String)
  dtype: string
- id: syncword_bit_length
  label: Syncword Bit Length
  dtype: int
- id: frame_length_bits
  label: Frame Bit Length
  dtype: int
- id: thresold
  label: Syncword Thresold
  dtype: int

#  Make one 'inputs' list entry per input and one 'outputs' list entry per output.
#  Keys include:
#      * label (an identifier for the GUI)
#      * domain (optional - stream or message. Default is stream)
#      * dtype (e.g. int, float, complex, byte, short, xxx_vector, ...)
#      * vlen (optional - data stream vector length. Default is 1)
#      * optional (optional - set to 1 for optional inputs. Default is 0)
inputs:
- label: in
  domain: stream
  dtype: byte
#  vlen: ...
#  optional: ...

outputs:
- label: out
  domain: stream
  dtype: byte
#  vlen: ...
#  optional: ...

#  'file_format' specifies the version of the GRC yml format used in the file
#  and should usually not be changed.
file_format: 1
